
Microsoft Visual Studio Solution File, Format Version 12.00
# Visual Studio Version 16
VisualStudioVersion = 16.0.31515.178
MinimumVisualStudioVersion = 10.0.40219.1
Project("{FAE04EC0-301F-11D3-BF4B-00C04F79EFBC}") = "Estacionamento rift", "Estacionamento rift\Estacionamento rift.csproj", "{D682271B-7134-4A0F-82E8-C4C96E22D630}"
EndProject
Global
	GlobalSection(SolutionConfigurationPlatforms) = preSolution
		Debug|Any CPU = Debug|Any CPU
		Release|Any CPU = Release|Any CPU
	EndGlobalSection
	GlobalSection(ProjectConfigurationPlatforms) = postSolution
		{D682271B-7134-4A0F-82E8-C4C96E22D630}.Debug|Any CPU.ActiveCfg = Debug|Any CPU
		{D682271B-7134-4A0F-82E8-C4C96E22D630}.Debug|Any CPU.Build.0 = Debug|Any CPU
		{D682271B-7134-4A0F-82E8-C4C96E22D630}.Release|Any CPU.ActiveCfg = Release|Any CPU
		{D682271B-7134-4A0F-82E8-C4C96E22D630}.Release|Any CPU.Build.0 = Release|Any CPU
	EndGlobalSection
	GlobalSection(SolutionProperties) = preSolution
		HideSolutionNode = FALSE
	EndGlobalSection
	GlobalSection(ExtensibilityGlobals) = postSolution
		SolutionGuid = {6F79B06A-D791-4909-83E9-EF08D300A1EC}
	EndGlobalSection
EndGlobal
